NeoBundleLock CSApprox a2958096696f9132ef0ece44b3fab93dac6df8d0
NeoBundleLock HTML-AutoCloseTag c2f6f59cf5c08dd487ef361f93ba09317a840e25
NeoBundleLock ctrlp.vim ed172326a4a10c4dc6e5a6c6c990f1fe64452d81
NeoBundleLock emmet-vim c24f2dcfcbf2a68b2527f98c0346124d086e33aa
NeoBundleLock grep.vim 852ddb0c6590bbc41c508d7f5d2fc17112492def
NeoBundleLock indentLine ea6548ead8e8fcec46fcff13993059678b5be9a2
NeoBundleLock jedi-vim 59c98d61cfc3235019c9d196cdc7adecfcbd10c0
NeoBundleLock molokai db8ce13b3737d3ddea8368498183d7c204a762eb
NeoBundleLock neco-ghc 43d8ef49cdc45f601276c90dccee9aa62b8ea3c1
NeoBundleLock neobundle.vim dab02f0513dc7f8832cb7c191d43b84982ef34cb
NeoBundleLock nerdtree 3b98a7fcae8f9fff356907171f0406ff8cd28921
NeoBundleLock slimv.vim 61ce81ff6b1a05314a6d750a32a1c7379f35a5dc
NeoBundleLock syntastic d73546dd4ac73be1dc806e5a1b6ff11ab6446361
NeoBundleLock tagbar a284cd009104b5c9b64a378cd98fdf4993c1689e
NeoBundleLock ultisnips 56ac14840f47521be9b61fb5ae72930f35d5d8a9
NeoBundleLock vim-airline 618851188a4d763d351b69443c52f0b8d54489bd
NeoBundleLock vim-bootstrap-updater 83f1e75acb63ef72f987c0fb72a9dcb3b3d76168
NeoBundleLock vim-coloresque 0c21b1469993e610600e88e734ffe90b9c10a514
NeoBundleLock vim-commentary 9c685131a5facfa0d643feca3a61b41c007d8170
NeoBundleLock vim-css3-syntax 21b74dc4a35b8cdc80d16f4ecbf83d160b42f333
NeoBundleLock vim-fugitive eb8eb1850a47671a8a3639feab8b2a50577e4913
NeoBundleLock vim-gitgutter 061258e04476c0f9f653a969e640bf03b3659594
NeoBundleLock vim-haml 204e32721154766e03e99ff857bc798aa5b741dc
NeoBundleLock vim-php-namespace 9a1c88cd14162f61a3535d514b5d07a1e4f12805
NeoBundleLock vim-polyglot 1c2123117537fb4bccf87fcf39abc05eaf950ec2
NeoBundleLock vim-snippets 1de4299c208536bd2b9903e8f30eedc1c9f1f0f9
NeoBundleLock vim-syntax-shakespeare 13eaf3588e5a5f17dbd86848337de8e7ed735cca
NeoBundleLock vim-trailing-whitespace d4ad27de051848e544e360482bdf076b154de0c1
NeoBundleLock vim2hs f2afd55704bfe0a2d66e6b270d247e9b8a7b1664
NeoBundleLock vimproc.vim 04b45cd80f48f66daed04a1a48a7ea4e7d316086
NeoBundleLock vimshell.vim f30a0a784de761ce4d9abd5bd85897963bbf5af6
